
Microsoft Visual Studio Solution File, Format Version 12.00
# Visual Studio 2012
Project("{FAE04EC0-301F-11D3-BF4B-00C04F79EFBC}") = "GraphicsPractical3", "GraphicsPractical3\GraphicsPractical3\GraphicsPractical3.csproj", "{43356942-4629-4A44-9D3F-874222F11E1B}"
EndProject
Project("{96E2B04D-8817-42C6-938A-82C39BA4D311}") = "GraphicsPractical3Content", "GraphicsPractical3\GraphicsPractical3Content\GraphicsPractical3Content.contentproj", "{848BC866-66FB-4F01-8644-41CEEA6AC35C}"
EndProject
Global
	GlobalSection(SolutionConfigurationPlatforms) = preSolution
		Debug|x86 = Debug|x86
		Release|x86 = Release|x86
	EndGlobalSection
	GlobalSection(ProjectConfigurationPlatforms) = postSolution
		{43356942-4629-4A44-9D3F-874222F11E1B}.Debug|x86.ActiveCfg = Debug|x86
		{43356942-4629-4A44-9D3F-874222F11E1B}.Debug|x86.Build.0 = Debug|x86
		{43356942-4629-4A44-9D3F-874222F11E1B}.Release|x86.ActiveCfg = Release|x86
		{43356942-4629-4A44-9D3F-874222F11E1B}.Release|x86.Build.0 = Release|x86
		{848BC866-66FB-4F01-8644-41CEEA6AC35C}.Debug|x86.ActiveCfg = Debug|x86
		{848BC866-66FB-4F01-8644-41CEEA6AC35C}.Release|x86.ActiveCfg = Release|x86
	EndGlobalSection
	GlobalSection(SolutionProperties) = preSolution
		HideSolutionNode = FALSE
	EndGlobalSection
EndGlobal
